
Microsoft Visual Studio Solution File, Format Version 12.00
# Visual Studio Version 17
VisualStudioVersion = 17.7.34221.43
MinimumVisualStudioVersion = 10.0.40219.1
Project("{9A19103F-16F7-4668-BE54-9A1E7A4F7556}") = "DB-Management", "DB-Management\DB-Management.csproj", "{B5B13F54-1CA1-4D76-B0E3-43CD4E890BB7}"
EndProject
Project("{FAE04EC0-301F-11D3-BF4B-00C04F79EFBC}") = "classReservations", "classReservations\classReservations.csproj", "{37D4DBDF-DAE0-417F-8CC5-6EE5AB3182E7}"
EndProject
Global
	GlobalSection(SolutionConfigurationPlatforms) = preSolution
		Debug|Any CPU = Debug|Any CPU
		Release|Any CPU = Release|Any CPU
	EndGlobalSection
	GlobalSection(ProjectConfigurationPlatforms) = postSolution
		{B5B13F54-1CA1-4D76-B0E3-43CD4E890BB7}.Debug|Any CPU.ActiveCfg = Debug|Any CPU
		{B5B13F54-1CA1-4D76-B0E3-43CD4E890BB7}.Debug|Any CPU.Build.0 = Debug|Any CPU
		{B5B13F54-1CA1-4D76-B0E3-43CD4E890BB7}.Release|Any CPU.ActiveCfg = Release|Any CPU
		{B5B13F54-1CA1-4D76-B0E3-43CD4E890BB7}.Release|Any CPU.Build.0 = Release|Any CPU
		{37D4DBDF-DAE0-417F-8CC5-6EE5AB3182E7}.Debug|Any CPU.ActiveCfg = Debug|Any CPU
		{37D4DBDF-DAE0-417F-8CC5-6EE5AB3182E7}.Debug|Any CPU.Build.0 = Debug|Any CPU
		{37D4DBDF-DAE0-417F-8CC5-6EE5AB3182E7}.Release|Any CPU.ActiveCfg = Release|Any CPU
		{37D4DBDF-DAE0-417F-8CC5-6EE5AB3182E7}.Release|Any CPU.Build.0 = Release|Any CPU
	EndGlobalSection
	GlobalSection(SolutionProperties) = preSolution
		HideSolutionNode = FALSE
	EndGlobalSection
	GlobalSection(ExtensibilityGlobals) = postSolution
		SolutionGuid = {4513016F-3D55-48E5-B4E9-4F72E70FFF82}
	EndGlobalSection
EndGlobal
